
Microsoft Visual Studio Solution File, Format Version 12.00
# Visual Studio 14
VisualStudioVersion = 14.0.23107.0
MinimumVisualStudioVersion = 10.0.40219.1
Project("{FAE04EC0-301F-11D3-BF4B-00C04F79EFBC}") = "DirectorioPersonas", "DirectorioPersonas\DirectorioPersonas.csproj", "{F354EE8D-BF34-4AC9-89FE-E1FC73E53E20}"
EndProject
Global
	GlobalSection(SolutionConfigurationPlatforms) = preSolution
		Debug|Any CPU = Debug|Any CPU
		Release|Any CPU = Release|Any CPU
	EndGlobalSection
	GlobalSection(ProjectConfigurationPlatforms) = postSolution
		{F354EE8D-BF34-4AC9-89FE-E1FC73E53E20}.Debug|Any CPU.ActiveCfg = Debug|Any CPU
		{F354EE8D-BF34-4AC9-89FE-E1FC73E53E20}.Debug|Any CPU.Build.0 = Debug|Any CPU
		{F354EE8D-BF34-4AC9-89FE-E1FC73E53E20}.Release|Any CPU.ActiveCfg = Release|Any CPU
		{F354EE8D-BF34-4AC9-89FE-E1FC73E53E20}.Release|Any CPU.Build.0 = Release|Any CPU
	EndGlobalSection
	GlobalSection(SolutionProperties) = preSolution
		HideSolutionNode = FALSE
	EndGlobalSection
EndGlobal
